<Solution>
  <Project Path="TestEvidence/TestEvidence.csproj" Id="4dbc1817-9027-4d7a-818b-f172ac4288ff" />
  <Project Path="tests/Report.PerformanceTest/Report.PerformanceTest.csproj" />
  <Project Path="tests/Report.UnitTest/Report.UnitTest.csproj" Id="3556714d-dae7-4fb5-bda7-3b973b0473de" />
  <Project Path="tubes-kpl-squarezoo/tubes-kpl-squarezoo.csproj" />
</Solution>
