<Solution>
  <Project Path="tests/LaporU.PerformanceTests/LaporU.PerformanceTests.csproj" Id="c7680ce8-e1ca-4387-95df-2b51c5b3f6a9" />
  <Project Path="tests/LaporU.Tests/LaporU.Tests.csproj" Id="ed0c8e45-e029-41fc-9512-f9d70236ad4a" />
  <Project Path="tubes-kpl-squarezoo/tubes-kpl-squarezoo.csproj" />
</Solution>